
Microsoft Visual Studio Solution File, Format Version 12.00
# Visual Studio Version 16
VisualStudioVersion = 16.0.30804.86
MinimumVisualStudioVersion = 10.0.40219.1
Project("{FAE04EC0-301F-11D3-BF4B-00C04F79EFBC}") = "ContosoUniversity", "ContosoUniversity\ContosoUniversity.csproj", "{F14ABA5D-6631-42B0-A380-191BC41366D3}"
EndProject
Global
	GlobalSection(SolutionConfigurationPlatforms) = preSolution
		Debug|Any CPU = Debug|Any CPU
		Release|Any CPU = Release|Any CPU
	EndGlobalSection
	GlobalSection(ProjectConfigurationPlatforms) = postSolution
		{F14ABA5D-6631-42B0-A380-191BC41366D3}.Debug|Any CPU.ActiveCfg = Debug|Any CPU
		{F14ABA5D-6631-42B0-A380-191BC41366D3}.Debug|Any CPU.Build.0 = Debug|Any CPU
		{F14ABA5D-6631-42B0-A380-191BC41366D3}.Release|Any CPU.ActiveCfg = Release|Any CPU
		{F14ABA5D-6631-42B0-A380-191BC41366D3}.Release|Any CPU.Build.0 = Release|Any CPU
	EndGlobalSection
	GlobalSection(SolutionProperties) = preSolution
		HideSolutionNode = FALSE
	EndGlobalSection
	GlobalSection(ExtensibilityGlobals) = postSolution
		SolutionGuid = {8A7B5F8B-8A6A-48E3-B8B4-02FB48A7841E}
	EndGlobalSection
EndGlobal
